
Microsoft Visual Studio Solution File, Format Version 12.00
# Visual Studio Version 17
VisualStudioVersion = 17.13.35931.197
MinimumVisualStudioVersion = 10.0.40219.1
Project("{FAE04EC0-301F-11D3-BF4B-00C04F79EFBC}") = "ConsoleApp_DSABeginner", "ConsoleApp_DSABeginner\ConsoleApp_DSABeginner.csproj", "{4D5B4EAC-6055-496A-B3D7-8EFF2BADDBEA}"
EndProject
Project("{FAE04EC0-301F-11D3-BF4B-00C04F79EFBC}") = "NUnitTests", "NUnitTests\NUnitTests.csproj", "{922CA328-94D2-4FDC-82B4-6D8E181D99DB}"
EndProject
Global
	GlobalSection(SolutionConfigurationPlatforms) = preSolution
		Debug|Any CPU = Debug|Any CPU
		Release|Any CPU = Release|Any CPU
	EndGlobalSection
	GlobalSection(ProjectConfigurationPlatforms) = postSolution
		{4D5B4EAC-6055-496A-B3D7-8EFF2BADDBEA}.Debug|Any CPU.ActiveCfg = Debug|Any CPU
		{4D5B4EAC-6055-496A-B3D7-8EFF2BADDBEA}.Debug|Any CPU.Build.0 = Debug|Any CPU
		{4D5B4EAC-6055-496A-B3D7-8EFF2BADDBEA}.Release|Any CPU.ActiveCfg = Release|Any CPU
		{4D5B4EAC-6055-496A-B3D7-8EFF2BADDBEA}.Release|Any CPU.Build.0 = Release|Any CPU
		{922CA328-94D2-4FDC-82B4-6D8E181D99DB}.Debug|Any CPU.ActiveCfg = Debug|Any CPU
		{922CA328-94D2-4FDC-82B4-6D8E181D99DB}.Debug|Any CPU.Build.0 = Debug|Any CPU
		{922CA328-94D2-4FDC-82B4-6D8E181D99DB}.Release|Any CPU.ActiveCfg = Release|Any CPU
		{922CA328-94D2-4FDC-82B4-6D8E181D99DB}.Release|Any CPU.Build.0 = Release|Any CPU
	EndGlobalSection
	GlobalSection(SolutionProperties) = preSolution
		HideSolutionNode = FALSE
	EndGlobalSection
	GlobalSection(ExtensibilityGlobals) = postSolution
		SolutionGuid = {EB490787-30C4-495F-89CD-87157075C967}
	EndGlobalSection
EndGlobal
